
Microsoft Visual Studio Solution File, Format Version 12.00
# Visual Studio 15
VisualStudioVersion = 15.0.28307.489
MinimumVisualStudioVersion = 10.0.40219.1
Project("{8BC9CEB8-8B4A-11D0-8D11-00A0C91BC942}") = "AES", "AES\AES.vcxproj", "{DC0F8BBF-31B7-456D-9D6C-92957E4007DD}"
EndProject
Global
	GlobalSection(SolutionConfigurationPlatforms) = preSolution
		Debug|x64 = Debug|x64
		Debug|x86 = Debug|x86
		Release|x64 = Release|x64
		Release|x86 = Release|x86
	EndGlobalSection
	GlobalSection(ProjectConfigurationPlatforms) = postSolution
		{DC0F8BBF-31B7-456D-9D6C-92957E4007DD}.Debug|x64.ActiveCfg = Debug|x64
		{DC0F8BBF-31B7-456D-9D6C-92957E4007DD}.Debug|x64.Build.0 = Debug|x64
		{DC0F8BBF-31B7-456D-9D6C-92957E4007DD}.Debug|x86.ActiveCfg = Debug|Win32
		{DC0F8BBF-31B7-456D-9D6C-92957E4007DD}.Debug|x86.Build.0 = Debug|Win32
		{DC0F8BBF-31B7-456D-9D6C-92957E4007DD}.Release|x64.ActiveCfg = Release|x64
		{DC0F8BBF-31B7-456D-9D6C-92957E4007DD}.Release|x64.Build.0 = Release|x64
		{DC0F8BBF-31B7-456D-9D6C-92957E4007DD}.Release|x86.ActiveCfg = Release|Win32
		{DC0F8BBF-31B7-456D-9D6C-92957E4007DD}.Release|x86.Build.0 = Release|Win32
	EndGlobalSection
	GlobalSection(SolutionProperties) = preSolution
		HideSolutionNode = FALSE
	EndGlobalSection
	GlobalSection(ExtensibilityGlobals) = postSolution
		SolutionGuid = {8F7A1487-AD8D-4BFC-BDA0-ECE9271064C5}
	EndGlobalSection
EndGlobal
